// !$*UTF8*$!
{
	archiveVersion = 1;
	classes = {
	};
	objectVersion = 46;
	objects = {

/* Begin PBXBuildFile section */
		3A1233981CE6F26200B8E948 /* NavigationViewController.swift in Sources */ = {isa = PBXBuildFile; fileRef = 3A1233971CE6F26200B8E948 /* NavigationViewController.swift */; };
		3A28D9E71CE752E400979BDC /* ChatItemsDemoDecorator.swift in Sources */ = {isa = PBXBuildFile; fileRef = 3A28D9E11CE752E400979BDC /* ChatItemsDemoDecorator.swift */; };
		3A28D9E81CE752E400979BDC /* FakeDataSource.swift in Sources */ = {isa = PBXBuildFile; fileRef = 3A28D9E21CE752E400979BDC /* FakeDataSource.swift */; };
		3A28D9E91CE752E400979BDC /* FakeMessageSender.swift in Sources */ = {isa = PBXBuildFile; fileRef = 3A28D9E31CE752E400979BDC /* FakeMessageSender.swift */; };
		3A28D9EA1CE752E400979BDC /* FakePhotoMessageViewModel.swift in Sources */ = {isa = PBXBuildFile; fileRef = 3A28D9E41CE752E400979BDC /* FakePhotoMessageViewModel.swift */; };
		3A28D9EB1CE752E400979BDC /* SlidingDatasSource.swift in Sources */ = {isa = PBXBuildFile; fileRef = 3A28D9E51CE752E400979BDC /* SlidingDatasSource.swift */; };
		3A28D9EC1CE752E400979BDC /* UserActionHandlers.swift in Sources */ = {isa = PBXBuildFile; fileRef = 3A28D9E61CE752E400979BDC /* UserActionHandlers.swift */; };
		3A28D9EE1CE752FD00979BDC /* FakeMessageFactory.swift in Sources */ = {isa = PBXBuildFile; fileRef = 3A28D9ED1CE752FD00979BDC /* FakeMessageFactory.swift */; };
		3A28D9F21CE7531200979BDC /* SendingStatusCollectionViewCell.swift in Sources */ = {isa = PBXBuildFile; fileRef = 3A28D9EF1CE7531200979BDC /* SendingStatusCollectionViewCell.swift */; };
		3A28D9F31CE7531200979BDC /* SendingStatusCollectionViewCell.xib in Resources */ = {isa = PBXBuildFile; fileRef = 3A28D9F01CE7531200979BDC /* SendingStatusCollectionViewCell.xib */; };
		3A28D9F41CE7531200979BDC /* SendingStatusPresenter.swift in Sources */ = {isa = PBXBuildFile; fileRef = 3A28D9F11CE7531200979BDC /* SendingStatusPresenter.swift */; };
		3A28D9F71CE7535200979BDC /* ChatBotsViewController.swift in Sources */ = {isa = PBXBuildFile; fileRef = 3A28D9F61CE7535200979BDC /* ChatBotsViewController.swift */; };
		3A28D9FA1CE7549500979BDC /* ChatBotsViewController.xib in Resources */ = {isa = PBXBuildFile; fileRef = 3A28D9F91CE7549500979BDC /* ChatBotsViewController.xib */; };
		3A67A6981CE6F482006B0ECC /* SplashViewController.swift in Sources */ = {isa = PBXBuildFile; fileRef = 3A67A6971CE6F482006B0ECC /* SplashViewController.swift */; };
		3A67A69B1CE6F4A6006B0ECC /* SplashViewController.xib in Resources */ = {isa = PBXBuildFile; fileRef = 3A67A69A1CE6F4A6006B0ECC /* SplashViewController.xib */; };
		3A67A69D1CE6F51A006B0ECC /* ConnectionHandlingViewController.swift in Sources */ = {isa = PBXBuildFile; fileRef = 3A67A69C1CE6F51A006B0ECC /* ConnectionHandlingViewController.swift */; };
		3A67A6A01CE6F8FD006B0ECC /* CrossDissolveTransition.swift in Sources */ = {isa = PBXBuildFile; fileRef = 3A67A69F1CE6F8FD006B0ECC /* CrossDissolveTransition.swift */; };
		3AFDF3451CE6CDF000525461 /* AppDelegate.swift in Sources */ = {isa = PBXBuildFile; fileRef = 3AFDF3441CE6CDF000525461 /* AppDelegate.swift */; };
		3AFDF34C1CE6CDF000525461 /* Assets.xcassets in Resources */ = {isa = PBXBuildFile; fileRef = 3AFDF34B1CE6CDF000525461 /* Assets.xcassets */; };
		3AFDF34F1CE6CDF000525461 /* LaunchScreen.storyboard in Resources */ = {isa = PBXBuildFile; fileRef = 3AFDF34D1CE6CDF000525461 /* LaunchScreen.storyboard */; };
		3AFDF35A1CE6CDF000525461 /* SWTitanTests.swift in Sources */ = {isa = PBXBuildFile; fileRef = 3AFDF3591CE6CDF000525461 /* SWTitanTests.swift */; };
		3AFDF3651CE6CDF000525461 /* SWTitanUITests.swift in Sources */ = {isa = PBXBuildFile; fileRef = 3AFDF3641CE6CDF000525461 /* SWTitanUITests.swift */; };
		8ED808C1DF864721A06BE49F /* Pods_SWTitan.framework in Frameworks */ = {isa = PBXBuildFile; fileRef = 9AC57E3B9A5EC484F64173FF /* Pods_SWTitan.framework */; };
/* End PBXBuildFile section */

/* Begin PBXContainerItemProxy section */
		3AFDF3561CE6CDF000525461 /* PBXContainerItemProxy */ = {
			isa = PBXContainerItemProxy;
			containerPortal = 3AFDF3391CE6CDF000525461 /* Project object */;
			proxyType = 1;
			remoteGlobalIDString = 3AFDF3401CE6CDF000525461;
			remoteInfo = SWTitan;
		};
		3AFDF3611CE6CDF000525461 /* PBXContainerItemProxy */ = {
			isa = PBXContainerItemProxy;
			containerPortal = 3AFDF3391CE6CDF000525461 /* Project object */;
			proxyType = 1;
			remoteGlobalIDString = 3AFDF3401CE6CDF000525461;
			remoteInfo = SWTitan;
		};
/* End PBXContainerItemProxy section */

/* Begin PBXFileReference section */
		3A1233971CE6F26200B8E948 /* NavigationViewController.swift */ = {isa = PBXFileReference; fileEncoding = 4; lastKnownFileType = sourcecode.swift; name = NavigationViewController.swift; path = Controllers/CustomNavigationController/NavigationViewController.swift; sourceTree = "<group>"; };
		3A28D9E11CE752E400979BDC /* ChatItemsDemoDecorator.swift */ = {isa = PBXFileReference; fileEncoding = 4; lastKnownFileType = sourcecode.swift; path = ChatItemsDemoDecorator.swift; sourceTree = "<group>"; };
		3A28D9E21CE752E400979BDC /* FakeDataSource.swift */ = {isa = PBXFileReference; fileEncoding = 4; lastKnownFileType = sourcecode.swift; path = FakeDataSource.swift; sourceTree = "<group>"; };
		3A28D9E31CE752E400979BDC /* FakeMessageSender.swift */ = {isa = PBXFileReference; fileEncoding = 4; lastKnownFileType = sourcecode.swift; path = FakeMessageSender.swift; sourceTree = "<group>"; };
		3A28D9E41CE752E400979BDC /* FakePhotoMessageViewModel.swift */ = {isa = PBXFileReference; fileEncoding = 4; lastKnownFileType = sourcecode.swift; path = FakePhotoMessageViewModel.swift; sourceTree = "<group>"; };
		3A28D9E51CE752E400979BDC /* SlidingDatasSource.swift */ = {isa = PBXFileReference; fileEncoding = 4; lastKnownFileType = sourcecode.swift; path = SlidingDatasSource.swift; sourceTree = "<group>"; };
		3A28D9E61CE752E400979BDC /* UserActionHandlers.swift */ = {isa = PBXFileReference; fileEncoding = 4; lastKnownFileType = sourcecode.swift; path = UserActionHandlers.swift; sourceTree = "<group>"; };
		3A28D9ED1CE752FD00979BDC /* FakeMessageFactory.swift */ = {isa = PBXFileReference; fileEncoding = 4; lastKnownFileType = sourcecode.swift; path = FakeMessageFactory.swift; sourceTree = "<group>"; };
		3A28D9EF1CE7531200979BDC /* SendingStatusCollectionViewCell.swift */ = {isa = PBXFileReference; fileEncoding = 4; lastKnownFileType = sourcecode.swift; path = SendingStatusCollectionViewCell.swift; sourceTree = "<group>"; };
		3A28D9F01CE7531200979BDC /* SendingStatusCollectionViewCell.xib */ = {isa = PBXFileReference; fileEncoding = 4; lastKnownFileType = file.xib; path = SendingStatusCollectionViewCell.xib; sourceTree = "<group>"; };
		3A28D9F11CE7531200979BDC /* SendingStatusPresenter.swift */ = {isa = PBXFileReference; fileEncoding = 4; lastKnownFileType = sourcecode.swift; path = SendingStatusPresenter.swift; sourceTree = "<group>"; };
		3A28D9F61CE7535200979BDC /* ChatBotsViewController.swift */ = {isa = PBXFileReference; fileEncoding = 4; lastKnownFileType = sourcecode.swift; name = ChatBotsViewController.swift; path = Controllers/ChatBotsViewController/ChatBotsViewController.swift; sourceTree = "<group>"; };
		3A28D9F91CE7549500979BDC /* ChatBotsViewController.xib */ = {isa = PBXFileReference; fileEncoding = 4; lastKnownFileType = file.xib; name = ChatBotsViewController.xib; path = Views/ChatBotsViewController/ChatBotsViewController.xib; sourceTree = "<group>"; };
		3A67A6971CE6F482006B0ECC /* SplashViewController.swift */ = {isa = PBXFileReference; fileEncoding = 4; lastKnownFileType = sourcecode.swift; name = SplashViewController.swift; path = Controllers/SplashViewController/SplashViewController.swift; sourceTree = "<group>"; };
		3A67A69A1CE6F4A6006B0ECC /* SplashViewController.xib */ = {isa = PBXFileReference; fileEncoding = 4; lastKnownFileType = file.xib; name = SplashViewController.xib; path = Views/SplashViewController/SplashViewController.xib; sourceTree = "<group>"; };
		3A67A69C1CE6F51A006B0ECC /* ConnectionHandlingViewController.swift */ = {isa = PBXFileReference; fileEncoding = 4; lastKnownFileType = sourcecode.swift; name = ConnectionHandlingViewController.swift; path = Controllers/ConnectionHandlingViewController.swift; sourceTree = "<group>"; };
		3A67A69F1CE6F8FD006B0ECC /* CrossDissolveTransition.swift */ = {isa = PBXFileReference; fileEncoding = 4; lastKnownFileType = sourcecode.swift; name = CrossDissolveTransition.swift; path = Utils/CustomTransitionAnimation/CrossDissolveTransition.swift; sourceTree = "<group>"; };
		3AFDF3411CE6CDF000525461 /* SWTitan.app */ = {isa = PBXFileReference; explicitFileType = wrapper.application; includeInIndex = 0; path = SWTitan.app; sourceTree = BUILT_PRODUCTS_DIR; };
		3AFDF3441CE6CDF000525461 /* AppDelegate.swift */ = {isa = PBXFileReference; lastKnownFileType = sourcecode.swift; path = AppDelegate.swift; sourceTree = "<group>"; };
		3AFDF34B1CE6CDF000525461 /* Assets.xcassets */ = {isa = PBXFileReference; lastKnownFileType = folder.assetcatalog; path = Assets.xcassets; sourceTree = "<group>"; };
		3AFDF34E1CE6CDF000525461 /* Base */ = {isa = PBXFileReference; lastKnownFileType = file.storyboard; name = Base; path = Base.lproj/LaunchScreen.storyboard; sourceTree = "<group>"; };
		3AFDF3501CE6CDF000525461 /* Info.plist */ = {isa = PBXFileReference; lastKnownFileType = text.plist.xml; path = Info.plist; sourceTree = "<group>"; };
		3AFDF3551CE6CDF000525461 /* SWTitanTests.xctest */ = {isa = PBXFileReference; explicitFileType = wrapper.cfbundle; includeInIndex = 0; path = SWTitanTests.xctest; sourceTree = BUILT_PRODUCTS_DIR; };
		3AFDF3591CE6CDF000525461 /* SWTitanTests.swift */ = {isa = PBXFileReference; lastKnownFileType = sourcecode.swift; path = SWTitanTests.swift; sourceTree = "<group>"; };
		3AFDF35B1CE6CDF000525461 /* Info.plist */ = {isa = PBXFileReference; lastKnownFileType = text.plist.xml; path = Info.plist; sourceTree = "<group>"; };
		3AFDF3601CE6CDF000525461 /* SWTitanUITests.xctest */ = {isa = PBXFileReference; explicitFileType = wrapper.cfbundle; includeInIndex = 0; path = SWTitanUITests.xctest; sourceTree = BUILT_PRODUCTS_DIR; };
		3AFDF3641CE6CDF000525461 /* SWTitanUITests.swift */ = {isa = PBXFileReference; lastKnownFileType = sourcecode.swift; path = SWTitanUITests.swift; sourceTree = "<group>"; };
		3AFDF3661CE6CDF000525461 /* Info.plist */ = {isa = PBXFileReference; lastKnownFileType = text.plist.xml; path = Info.plist; sourceTree = "<group>"; };
		41940263F43DD02D44C161A3 /* Pods-SWTitan.release.xcconfig */ = {isa = PBXFileReference; includeInIndex = 1; lastKnownFileType = text.xcconfig; name = "Pods-SWTitan.release.xcconfig"; path = "Pods/Target Support Files/Pods-SWTitan/Pods-SWTitan.release.xcconfig"; sourceTree = "<group>"; };
		9AC57E3B9A5EC484F64173FF /* Pods_SWTitan.framework */ = {isa = PBXFileReference; explicitFileType = wrapper.framework; includeInIndex = 0; path = Pods_SWTitan.framework; sourceTree = BUILT_PRODUCTS_DIR; };
		B73D102B6F8BDEC6B6C43409 /* Pods-SWTitan.debug.xcconfig */ = {isa = PBXFileReference; includeInIndex = 1; lastKnownFileType = text.xcconfig; name = "Pods-SWTitan.debug.xcconfig"; path = "Pods/Target Support Files/Pods-SWTitan/Pods-SWTitan.debug.xcconfig"; sourceTree = "<group>"; };
/* End PBXFileReference section */

/* Begin PBXFrameworksBuildPhase section */
		3AFDF33E1CE6CDF000525461 /* Frameworks */ = {
			isa = PBXFrameworksBuildPhase;
			buildActionMask = 2147483647;
			files = (
				8ED808C1DF864721A06BE49F /* Pods_SWTitan.framework in Frameworks */,
			);
			runOnlyForDeploymentPostprocessing = 0;
		};
		3AFDF3521CE6CDF000525461 /* Frameworks */ = {
			isa = PBXFrameworksBuildPhase;
			buildActionMask = 2147483647;
			files = (
			);
			runOnlyForDeploymentPostprocessing = 0;
		};
		3AFDF35D1CE6CDF000525461 /* Frameworks */ = {
			isa = PBXFrameworksBuildPhase;
			buildActionMask = 2147483647;
			files = (
			);
			runOnlyForDeploymentPostprocessing = 0;
		};
/* End PBXFrameworksBuildPhase section */

/* Begin PBXGroup section */
		2898B213BD7FCB05E96280B2 /* Frameworks */ = {
			isa = PBXGroup;
			children = (
				9AC57E3B9A5EC484F64173FF /* Pods_SWTitan.framework */,
			);
			name = Frameworks;
			sourceTree = "<group>";
		};
		3A1233921CE6F1CC00B8E948 /* Models */ = {
			isa = PBXGroup;
			children = (
			);
			name = Models;
			sourceTree = "<group>";
		};
		3A1233931CE6F1D200B8E948 /* Views */ = {
			isa = PBXGroup;
			children = (
				3A28D9F81CE7547300979BDC /* ChatBotsViewController */,
				3A67A6991CE6F488006B0ECC /* SplashViewController */,
			);
			name = Views;
			sourceTree = "<group>";
		};
		3A1233941CE6F1D800B8E948 /* Controllers */ = {
			isa = PBXGroup;
			children = (
				3A28D9F51CE7531E00979BDC /* ChatBotsViewController */,
				3A67A6961CE6F45A006B0ECC /* SpashViewController */,
				3A1233961CE6F23800B8E948 /* CustomNavigationController */,
				3A67A69C1CE6F51A006B0ECC /* ConnectionHandlingViewController.swift */,
			);
			name = Controllers;
			sourceTree = "<group>";
		};
		3A1233951CE6F1E500B8E948 /* Utils */ = {
			isa = PBXGroup;
			children = (
				3A28D9E01CE752B400979BDC /* Source */,
				3A67A69E1CE6F8C7006B0ECC /* CustomTransitionAnimation */,
			);
			name = Utils;
			sourceTree = "<group>";
		};
		3A1233961CE6F23800B8E948 /* CustomNavigationController */ = {
			isa = PBXGroup;
			children = (
				3A1233971CE6F26200B8E948 /* NavigationViewController.swift */,
			);
			name = CustomNavigationController;
			sourceTree = "<group>";
		};
		3A28D9E01CE752B400979BDC /* Source */ = {
			isa = PBXGroup;
			children = (
				3A28D9ED1CE752FD00979BDC /* FakeMessageFactory.swift */,
				3A28D9EF1CE7531200979BDC /* SendingStatusCollectionViewCell.swift */,
				3A28D9F01CE7531200979BDC /* SendingStatusCollectionViewCell.xib */,
				3A28D9F11CE7531200979BDC /* SendingStatusPresenter.swift */,
				3A28D9E11CE752E400979BDC /* ChatItemsDemoDecorator.swift */,
				3A28D9E21CE752E400979BDC /* FakeDataSource.swift */,
				3A28D9E31CE752E400979BDC /* FakeMessageSender.swift */,
				3A28D9E41CE752E400979BDC /* FakePhotoMessageViewModel.swift */,
				3A28D9E51CE752E400979BDC /* SlidingDatasSource.swift */,
				3A28D9E61CE752E400979BDC /* UserActionHandlers.swift */,
			);
			name = Source;
			sourceTree = "<group>";
		};
		3A28D9F51CE7531E00979BDC /* ChatBotsViewController */ = {
			isa = PBXGroup;
			children = (
				3A28D9F61CE7535200979BDC /* ChatBotsViewController.swift */,
			);
			name = ChatBotsViewController;
			sourceTree = "<group>";
		};
		3A28D9F81CE7547300979BDC /* ChatBotsViewController */ = {
			isa = PBXGroup;
			children = (
				3A28D9F91CE7549500979BDC /* ChatBotsViewController.xib */,
			);
			name = ChatBotsViewController;
			sourceTree = "<group>";
		};
		3A67A6961CE6F45A006B0ECC /* SpashViewController */ = {
			isa = PBXGroup;
			children = (
				3A67A6971CE6F482006B0ECC /* SplashViewController.swift */,
			);
			name = SpashViewController;
			sourceTree = "<group>";
		};
		3A67A6991CE6F488006B0ECC /* SplashViewController */ = {
			isa = PBXGroup;
			children = (
				3A67A69A1CE6F4A6006B0ECC /* SplashViewController.xib */,
			);
			name = SplashViewController;
			sourceTree = "<group>";
		};
		3A67A69E1CE6F8C7006B0ECC /* CustomTransitionAnimation */ = {
			isa = PBXGroup;
			children = (
				3A67A69F1CE6F8FD006B0ECC /* CrossDissolveTransition.swift */,
			);
			name = CustomTransitionAnimation;
			sourceTree = "<group>";
		};
		3AFDF3381CE6CDF000525461 = {
			isa = PBXGroup;
			children = (
				3AFDF3431CE6CDF000525461 /* SWTitan */,
				3AFDF3581CE6CDF000525461 /* SWTitanTests */,
				3AFDF3631CE6CDF000525461 /* SWTitanUITests */,
				3AFDF3421CE6CDF000525461 /* Products */,
				5690EA09709E74CC9E06573B /* Pods */,
				2898B213BD7FCB05E96280B2 /* Frameworks */,
			);
			sourceTree = "<group>";
		};
		3AFDF3421CE6CDF000525461 /* Products */ = {
			isa = PBXGroup;
			children = (
				3AFDF3411CE6CDF000525461 /* SWTitan.app */,
				3AFDF3551CE6CDF000525461 /* SWTitanTests.xctest */,
				3AFDF3601CE6CDF000525461 /* SWTitanUITests.xctest */,
			);
			name = Products;
			sourceTree = "<group>";
		};
		3AFDF3431CE6CDF000525461 /* SWTitan */ = {
			isa = PBXGroup;
			children = (
				3A1233951CE6F1E500B8E948 /* Utils */,
				3A1233941CE6F1D800B8E948 /* Controllers */,
				3A1233931CE6F1D200B8E948 /* Views */,
				3A1233921CE6F1CC00B8E948 /* Models */,
				3AFDF3441CE6CDF000525461 /* AppDelegate.swift */,
				3AFDF34B1CE6CDF000525461 /* Assets.xcassets */,
				3AFDF34D1CE6CDF000525461 /* LaunchScreen.storyboard */,
				3AFDF3501CE6CDF000525461 /* Info.plist */,
			);
			path = SWTitan;
			sourceTree = "<group>";
		};
		3AFDF3581CE6CDF000525461 /* SWTitanTests */ = {
			isa = PBXGroup;
			children = (
				3AFDF3591CE6CDF000525461 /* SWTitanTests.swift */,
				3AFDF35B1CE6CDF000525461 /* Info.plist */,
			);
			path = SWTitanTests;
			sourceTree = "<group>";
		};
		3AFDF3631CE6CDF000525461 /* SWTitanUITests */ = {
			isa = PBXGroup;
			children = (
				3AFDF3641CE6CDF000525461 /* SWTitanUITests.swift */,
				3AFDF3661CE6CDF000525461 /* Info.plist */,
			);
			path = SWTitanUITests;
			sourceTree = "<group>";
		};
		5690EA09709E74CC9E06573B /* Pods */ = {
			isa = PBXGroup;
			children = (
				B73D102B6F8BDEC6B6C43409 /* Pods-SWTitan.debug.xcconfig */,
				41940263F43DD02D44C161A3 /* Pods-SWTitan.release.xcconfig */,
			);
			name = Pods;
			sourceTree = "<group>";
		};
/* End PBXGroup section */

/* Begin PBXNativeTarget section */
		3AFDF3401CE6CDF000525461 /* SWTitan */ = {
			isa = PBXNativeTarget;
			buildConfigurationList = 3AFDF3691CE6CDF000525461 /* Build configuration list for PBXNativeTarget "SWTitan" */;
			buildPhases = (
				1E9EC081CC8D06EFBF8FAA51 /* Check Pods Manifest.lock */,
				3AFDF33D1CE6CDF000525461 /* Sources */,
				3AFDF33E1CE6CDF000525461 /* Frameworks */,
				3AFDF33F1CE6CDF000525461 /* Resources */,
				25FECD70959B9B569F4CDF53 /* Embed Pods Frameworks */,
				55B25FE9BC7BC2601C278A05 /* Copy Pods Resources */,
			);
			buildRules = (
			);
			dependencies = (
			);
			name = SWTitan;
			productName = SWTitan;
			productReference = 3AFDF3411CE6CDF000525461 /* SWTitan.app */;
			productType = "com.apple.product-type.application";
		};
		3AFDF3541CE6CDF000525461 /* SWTitanTests */ = {
			isa = PBXNativeTarget;
			buildConfigurationList = 3AFDF36C1CE6CDF000525461 /* Build configuration list for PBXNativeTarget "SWTitanTests" */;
			buildPhases = (
				3AFDF3511CE6CDF000525461 /* Sources */,
				3AFDF3521CE6CDF000525461 /* Frameworks */,
				3AFDF3531CE6CDF000525461 /* Resources */,
			);
			buildRules = (
			);
			dependencies = (
				3AFDF3571CE6CDF000525461 /* PBXTargetDependency */,
			);
			name = SWTitanTests;
			productName = SWTitanTests;
			productReference = 3AFDF3551CE6CDF000525461 /* SWTitanTests.xctest */;
			productType = "com.apple.product-type.bundle.unit-test";
		};
		3AFDF35F1CE6CDF000525461 /* SWTitanUITests */ = {
			isa = PBXNativeTarget;
			buildConfigurationList = 3AFDF36F1CE6CDF000525461 /* Build configuration list for PBXNativeTarget "SWTitanUITests" */;
			buildPhases = (
				3AFDF35C1CE6CDF000525461 /* Sources */,
				3AFDF35D1CE6CDF000525461 /* Frameworks */,
				3AFDF35E1CE6CDF000525461 /* Resources */,
			);
			buildRules = (
			);
			dependencies = (
				3AFDF3621CE6CDF000525461 /* PBXTargetDependency */,
			);
			name = SWTitanUITests;
			productName = SWTitanUITests;
			productReference = 3AFDF3601CE6CDF000525461 /* SWTitanUITests.xctest */;
			productType = "com.apple.product-type.bundle.ui-testing";
		};
/* End PBXNativeTarget section */

/* Begin PBXProject section */
		3AFDF3391CE6CDF000525461 /* Project object */ = {
			isa = PBXProject;
			attributes = {
				LastSwiftUpdateCheck = 0730;
				LastUpgradeCheck = 0730;
				ORGANIZATIONNAME = MaiMai;
				TargetAttributes = {
					3AFDF3401CE6CDF000525461 = {
						CreatedOnToolsVersion = 7.3.1;
						DevelopmentTeam = C497FQJTJR;
					};
					3AFDF3541CE6CDF000525461 = {
						CreatedOnToolsVersion = 7.3.1;
						TestTargetID = 3AFDF3401CE6CDF000525461;
					};
					3AFDF35F1CE6CDF000525461 = {
						CreatedOnToolsVersion = 7.3.1;
						TestTargetID = 3AFDF3401CE6CDF000525461;
					};
				};
			};
			buildConfigurationList = 3AFDF33C1CE6CDF000525461 /* Build configuration list for PBXProject "SWTitan" */;
			compatibilityVersion = "Xcode 3.2";
			developmentRegion = English;
			hasScannedForEncodings = 0;
			knownRegions = (
				en,
				Base,
			);
			mainGroup = 3AFDF3381CE6CDF000525461;
			productRefGroup = 3AFDF3421CE6CDF000525461 /* Products */;
			projectDirPath = "";
			projectRoot = "";
			targets = (
				3AFDF3401CE6CDF000525461 /* SWTitan */,
				3AFDF3541CE6CDF000525461 /* SWTitanTests */,
				3AFDF35F1CE6CDF000525461 /* SWTitanUITests */,
			);
		};
/* End PBXProject section */

/* Begin PBXResourcesBuildPhase section */
		3AFDF33F1CE6CDF000525461 /* Resources */ = {
			isa = PBXResourcesBuildPhase;
			buildActionMask = 2147483647;
			files = (
				3A28D9FA1CE7549500979BDC /* ChatBotsViewController.xib in Resources */,
				3AFDF34F1CE6CDF000525461 /* LaunchScreen.storyboard in Resources */,
				3A67A69B1CE6F4A6006B0ECC /* SplashViewController.xib in Resources */,
				3AFDF34C1CE6CDF000525461 /* Assets.xcassets in Resources */,
				3A28D9F31CE7531200979BDC /* SendingStatusCollectionViewCell.xib in Resources */,
			);
			runOnlyForDeploymentPostprocessing = 0;
		};
		3AFDF3531CE6CDF000525461 /* Resources */ = {
			isa = PBXResourcesBuildPhase;
			buildActionMask = 2147483647;
			files = (
			);
			runOnlyForDeploymentPostprocessing = 0;
		};
		3AFDF35E1CE6CDF000525461 /* Resources */ = {
			isa = PBXResourcesBuildPhase;
			buildActionMask = 2147483647;
			files = (
			);
			runOnlyForDeploymentPostprocessing = 0;
		};
/* End PBXResourcesBuildPhase section */

/* Begin PBXShellScriptBuildPhase section */
		1E9EC081CC8D06EFBF8FAA51 /* Check Pods Manifest.lock */ = {
			isa = PBXShellScriptBuildPhase;
			buildActionMask = 2147483647;
			files = (
			);
			inputPaths = (
			);
			name = "Check Pods Manifest.lock";
			outputPaths = (
			);
			runOnlyForDeploymentPostprocessing = 0;
			shellPath = /bin/sh;
			shellScript = "diff \"${PODS_ROOT}/../Podfile.lock\" \"${PODS_ROOT}/Manifest.lock\" > /dev/null\nif [[ $? != 0 ]] ; then\n    cat << EOM\nerror: The sandbox is not in sync with the Podfile.lock. Run 'pod install' or update your CocoaPods installation.\nEOM\n    exit 1\nfi\n";
			showEnvVarsInLog = 0;
		};
		25FECD70959B9B569F4CDF53 /* Embed Pods Frameworks */ = {
			isa = PBXShellScriptBuildPhase;
			buildActionMask = 2147483647;
			files = (
			);
			inputPaths = (
			);
			name = "Embed Pods Frameworks";
			outputPaths = (
			);
			runOnlyForDeploymentPostprocessing = 0;
			shellPath = /bin/sh;
			shellScript = "\"${SRCROOT}/Pods/Target Support Files/Pods-SWTitan/Pods-SWTitan-frameworks.sh\"\n";
			showEnvVarsInLog = 0;
		};
		55B25FE9BC7BC2601C278A05 /* Copy Pods Resources */ = {
			isa = PBXShellScriptBuildPhase;
			buildActionMask = 2147483647;
			files = (
			);
			inputPaths = (
			);
			name = "Copy Pods Resources";
			outputPaths = (
			);
			runOnlyForDeploymentPostprocessing = 0;
			shellPath = /bin/sh;
			shellScript = "\"${SRCROOT}/Pods/Target Support Files/Pods-SWTitan/Pods-SWTitan-resources.sh\"\n";
			showEnvVarsInLog = 0;
		};
/* End PBXShellScriptBuildPhase section */

/* Begin PBXSourcesBuildPhase section */
		3AFDF33D1CE6CDF000525461 /* Sources */ = {
			isa = PBXSourcesBuildPhase;
			buildActionMask = 2147483647;
			files = (
				3A28D9EA1CE752E400979BDC /* FakePhotoMessageViewModel.swift in Sources */,
				3A67A6A01CE6F8FD006B0ECC /* CrossDissolveTransition.swift in Sources */,
				3A28D9E71CE752E400979BDC /* ChatItemsDemoDecorator.swift in Sources */,
				3A28D9F21CE7531200979BDC /* SendingStatusCollectionViewCell.swift in Sources */,
				3A28D9E81CE752E400979BDC /* FakeDataSource.swift in Sources */,
				3A67A6981CE6F482006B0ECC /* SplashViewController.swift in Sources */,
				3A67A69D1CE6F51A006B0ECC /* ConnectionHandlingViewController.swift in Sources */,
				3A1233981CE6F26200B8E948 /* NavigationViewController.swift in Sources */,
				3A28D9EB1CE752E400979BDC /* SlidingDatasSource.swift in Sources */,
				3A28D9F41CE7531200979BDC /* SendingStatusPresenter.swift in Sources */,
				3AFDF3451CE6CDF000525461 /* AppDelegate.swift in Sources */,
				3A28D9E91CE752E400979BDC /* FakeMessageSender.swift in Sources */,
				3A28D9EC1CE752E400979BDC /* UserActionHandlers.swift in Sources */,
				3A28D9EE1CE752FD00979BDC /* FakeMessageFactory.swift in Sources */,
				3A28D9F71CE7535200979BDC /* ChatBotsViewController.swift in Sources */,
			);
			runOnlyForDeploymentPostprocessing = 0;
		};
		3AFDF3511CE6CDF000525461 /* Sources */ = {
			isa = PBXSourcesBuildPhase;
			buildActionMask = 2147483647;
			files = (
				3AFDF35A1CE6CDF000525461 /* SWTitanTests.swift in Sources */,
			);
			runOnlyForDeploymentPostprocessing = 0;
		};
		3AFDF35C1CE6CDF000525461 /* Sources */ = {
			isa = PBXSourcesBuildPhase;
			buildActionMask = 2147483647;
			files = (
				3AFDF3651CE6CDF000525461 /* SWTitanUITests.swift in Sources */,
			);
			runOnlyForDeploymentPostprocessing = 0;
		};
/* End PBXSourcesBuildPhase section */

/* Begin PBXTargetDependency section */
		3AFDF3571CE6CDF000525461 /* PBXTargetDependency */ = {
			isa = PBXTargetDependency;
			target = 3AFDF3401CE6CDF000525461 /* SWTitan */;
			targetProxy = 3AFDF3561CE6CDF000525461 /* PBXContainerItemProxy */;
		};
		3AFDF3621CE6CDF000525461 /* PBXTargetDependency */ = {
			isa = PBXTargetDependency;
			target = 3AFDF3401CE6CDF000525461 /* SWTitan */;
			targetProxy = 3AFDF3611CE6CDF000525461 /* PBXContainerItemProxy */;
		};
/* End PBXTargetDependency section */

/* Begin PBXVariantGroup section */
		3AFDF34D1CE6CDF000525461 /* LaunchScreen.storyboard */ = {
			isa = PBXVariantGroup;
			children = (
				3AFDF34E1CE6CDF000525461 /* Base */,
			);
			name = LaunchScreen.storyboard;
			sourceTree = "<group>";
		};
/* End PBXVariantGroup section */

/* Begin XCBuildConfiguration section */
		3AFDF3671CE6CDF000525461 /* Debug */ = {
			isa = XCBuildConfiguration;
			buildSettings = {
				ALWAYS_SEARCH_USER_PATHS = NO;
				CLANG_ANALYZER_NONNULL = YES;
				CLANG_CXX_LANGUAGE_STANDARD = "gnu++0x";
				CLANG_CXX_LIBRARY = "libc++";
				CLANG_ENABLE_MODULES = YES;
				CLANG_ENABLE_OBJC_ARC = YES;
				CLANG_WARN_BOOL_CONVERSION = YES;
				CLANG_WARN_CONSTANT_CONVERSION = YES;
				CLANG_WARN_DIRECT_OBJC_ISA_USAGE = YES_ERROR;
				CLANG_WARN_EMPTY_BODY = YES;
				CLANG_WARN_ENUM_CONVERSION = YES;
				CLANG_WARN_INT_CONVERSION = YES;
				CLANG_WARN_OBJC_ROOT_CLASS = YES_ERROR;
				CLANG_WARN_UNREACHABLE_CODE = YES;
				CLANG_WARN__DUPLICATE_METHOD_MATCH = YES;
				"CODE_SIGN_IDENTITY[sdk=iphoneos*]" = "iPhone Developer";
				COPY_PHASE_STRIP = NO;
				DEBUG_INFORMATION_FORMAT = dwarf;
				ENABLE_STRICT_OBJC_MSGSEND = YES;
				ENABLE_TESTABILITY = YES;
				GCC_C_LANGUAGE_STANDARD = gnu99;
				GCC_DYNAMIC_NO_PIC = NO;
				GCC_NO_COMMON_BLOCKS = YES;
				GCC_OPTIMIZATION_LEVEL = 0;
				GCC_PREPROCESSOR_DEFINITIONS = (
					"DEBUG=1",
					"$(inherited)",
				);
				GCC_WARN_64_TO_32_BIT_CONVERSION = YES;
				GCC_WARN_ABOUT_RETURN_TYPE = YES_ERROR;
				GCC_WARN_UNDECLARED_SELECTOR = YES;
				GCC_WARN_UNINITIALIZED_AUTOS = YES_AGGRESSIVE;
				GCC_WARN_UNUSED_FUNCTION = YES;
				GCC_WARN_UNUSED_VARIABLE = YES;
				IPHONEOS_DEPLOYMENT_TARGET = 9.3;
				MTL_ENABLE_DEBUG_INFO = YES;
				ONLY_ACTIVE_ARCH = YES;
				SDKROOT = iphoneos;
				SWIFT_OPTIMIZATION_LEVEL = "-Onone";
				TARGETED_DEVICE_FAMILY = "1,2";
			};
			name = Debug;
		};
		3AFDF3681CE6CDF000525461 /* Release */ = {
			isa = XCBuildConfiguration;
			buildSettings = {
				ALWAYS_SEARCH_USER_PATHS = NO;
				CLANG_ANALYZER_NONNULL = YES;
				CLANG_CXX_LANGUAGE_STANDARD = "gnu++0x";
				CLANG_CXX_LIBRARY = "libc++";
				CLANG_ENABLE_MODULES = YES;
				CLANG_ENABLE_OBJC_ARC = YES;
				CLANG_WARN_BOOL_CONVERSION = YES;
				CLANG_WARN_CONSTANT_CONVERSION = YES;
				CLANG_WARN_DIRECT_OBJC_ISA_USAGE = YES_ERROR;
				CLANG_WARN_EMPTY_BODY = YES;
				CLANG_WARN_ENUM_CONVERSION = YES;
				CLANG_WARN_INT_CONVERSION = YES;
				CLANG_WARN_OBJC_ROOT_CLASS = YES_ERROR;
				CLANG_WARN_UNREACHABLE_CODE = YES;
				CLANG_WARN__DUPLICATE_METHOD_MATCH = YES;
				"CODE_SIGN_IDENTITY[sdk=iphoneos*]" = "iPhone Developer";
				COPY_PHASE_STRIP = NO;
				DEBUG_INFORMATION_FORMAT = "dwarf-with-dsym";
				ENABLE_NS_ASSERTIONS = NO;
				ENABLE_STRICT_OBJC_MSGSEND = YES;
				GCC_C_LANGUAGE_STANDARD = gnu99;
				GCC_NO_COMMON_BLOCKS = YES;
				GCC_WARN_64_TO_32_BIT_CONVERSION = YES;
				GCC_WARN_ABOUT_RETURN_TYPE = YES_ERROR;
				GCC_WARN_UNDECLARED_SELECTOR = YES;
				GCC_WARN_UNINITIALIZED_AUTOS = YES_AGGRESSIVE;
				GCC_WARN_UNUSED_FUNCTION = YES;
				GCC_WARN_UNUSED_VARIABLE = YES;
				IPHONEOS_DEPLOYMENT_TARGET = 9.3;
				MTL_ENABLE_DEBUG_INFO = NO;
				SDKROOT = iphoneos;
				TARGETED_DEVICE_FAMILY = "1,2";
				VALIDATE_PRODUCT = YES;
			};
			name = Release;
		};
		3AFDF36A1CE6CDF000525461 /* Debug */ = {
			isa = XCBuildConfiguration;
			baseConfigurationReference = B73D102B6F8BDEC6B6C43409 /* Pods-SWTitan.debug.xcconfig */;
			buildSettings = {
				ASSETCATALOG_COMPILER_APPICON_NAME = AppIcon;
				CODE_SIGN_IDENTITY = "iPhone Developer";
				"CODE_SIGN_IDENTITY[sdk=iphoneos*]" = "iPhone Developer";
				INFOPLIST_FILE = SWTitan/Info.plist;
				IPHONEOS_DEPLOYMENT_TARGET = 8.0;
				LD_RUNPATH_SEARCH_PATHS = "$(inherited) @executable_path/Frameworks";
				PRODUCT_BUNDLE_IDENTIFIER = bappvn.SWTitan;
				PRODUCT_NAME = "$(TARGET_NAME)";
				PROVISIONING_PROFILE = "";
				TARGETED_DEVICE_FAMILY = 1;
			};
			name = Debug;
		};
		3AFDF36B1CE6CDF000525461 /* Release */ = {
			isa = XCBuildConfiguration;
			baseConfigurationReference = 41940263F43DD02D44C161A3 /* Pods-SWTitan.release.xcconfig */;
			buildSettings = {
				ASSETCATALOG_COMPILER_APPICON_NAME = AppIcon;
				CODE_SIGN_IDENTITY = "iPhone Developer";
				"CODE_SIGN_IDENTITY[sdk=iphoneos*]" = "iPhone Developer";
				INFOPLIST_FILE = SWTitan/Info.plist;
				IPHONEOS_DEPLOYMENT_TARGET = 8.0;
				LD_RUNPATH_SEARCH_PATHS = "$(inherited) @executable_path/Frameworks";
				PRODUCT_BUNDLE_IDENTIFIER = bappvn.SWTitan;
				PRODUCT_NAME = "$(TARGET_NAME)";
				PROVISIONING_PROFILE = "";
				TARGETED_DEVICE_FAMILY = 1;
			};
			name = Release;
		};
		3AFDF36D1CE6CDF000525461 /* Debug */ = {
			isa = XCBuildConfiguration;
			buildSettings = {
				BUNDLE_LOADER = "$(TEST_HOST)";
				INFOPLIST_FILE = SWTitanTests/Info.plist;
				LD_RUNPATH_SEARCH_PATHS = "$(inherited) @executable_path/Frameworks @loader_path/Frameworks";
				PRODUCT_BUNDLE_IDENTIFIER = bappvn.SWTitanTests;
				PRODUCT_NAME = "$(TARGET_NAME)";
				TEST_HOST = "$(BUILT_PRODUCTS_DIR)/SWTitan.app/SWTitan";
			};
			name = Debug;
		};
		3AFDF36E1CE6CDF000525461 /* Release */ = {
			isa = XCBuildConfiguration;
			buildSettings = {
				BUNDLE_LOADER = "$(TEST_HOST)";
				INFOPLIST_FILE = SWTitanTests/Info.plist;
				LD_RUNPATH_SEARCH_PATHS = "$(inherited) @executable_path/Frameworks @loader_path/Frameworks";
				PRODUCT_BUNDLE_IDENTIFIER = bappvn.SWTitanTests;
				PRODUCT_NAME = "$(TARGET_NAME)";
				TEST_HOST = "$(BUILT_PRODUCTS_DIR)/SWTitan.app/SWTitan";
			};
			name = Release;
		};
		3AFDF3701CE6CDF000525461 /* Debug */ = {
			isa = XCBuildConfiguration;
			buildSettings = {
				INFOPLIST_FILE = SWTitanUITests/Info.plist;
				LD_RUNPATH_SEARCH_PATHS = "$(inherited) @executable_path/Frameworks @loader_path/Frameworks";
				PRODUCT_BUNDLE_IDENTIFIER = bappvn.SWTitanUITests;
				PRODUCT_NAME = "$(TARGET_NAME)";
				TEST_TARGET_NAME = SWTitan;
			};
			name = Debug;
		};
		3AFDF3711CE6CDF000525461 /* Release */ = {
			isa = XCBuildConfiguration;
			buildSettings = {
				INFOPLIST_FILE = SWTitanUITests/Info.plist;
				LD_RUNPATH_SEARCH_PATHS = "$(inherited) @executable_path/Frameworks @loader_path/Frameworks";
				PRODUCT_BUNDLE_IDENTIFIER = bappvn.SWTitanUITests;
				PRODUCT_NAME = "$(TARGET_NAME)";
				TEST_TARGET_NAME = SWTitan;
			};
			name = Release;
		};
/* End XCBuildConfiguration section */

/* Begin XCConfigurationList section */
		3AFDF33C1CE6CDF000525461 /* Build configuration list for PBXProject "SWTitan" */ = {
			isa = XCConfigurationList;
			buildConfigurations = (
				3AFDF3671CE6CDF000525461 /* Debug */,
				3AFDF3681CE6CDF000525461 /* Release */,
			);
			defaultConfigurationIsVisible = 0;
			defaultConfigurationName = Release;
		};
		3AFDF3691CE6CDF000525461 /* Build configuration list for PBXNativeTarget "SWTitan" */ = {
			isa = XCConfigurationList;
			buildConfigurations = (
				3AFDF36A1CE6CDF000525461 /* Debug */,
				3AFDF36B1CE6CDF000525461 /* Release */,
			);
			defaultConfigurationIsVisible = 0;
			defaultConfigurationName = Release;
		};
		3AFDF36C1CE6CDF000525461 /* Build configuration list for PBXNativeTarget "SWTitanTests" */ = {
			isa = XCConfigurationList;
			buildConfigurations = (
				3AFDF36D1CE6CDF000525461 /* Debug */,
				3AFDF36E1CE6CDF000525461 /* Release */,
			);
			defaultConfigurationIsVisible = 0;
			defaultConfigurationName = Release;
		};
		3AFDF36F1CE6CDF000525461 /* Build configuration list for PBXNativeTarget "SWTitanUITests" */ = {
			isa = XCConfigurationList;
			buildConfigurations = (
				3AFDF3701CE6CDF000525461 /* Debug */,
				3AFDF3711CE6CDF000525461 /* Release */,
			);
			defaultConfigurationIsVisible = 0;
			defaultConfigurationName = Release;
		};
/* End XCConfigurationList section */
	};
	rootObject = 3AFDF3391CE6CDF000525461 /* Project object */;
}
